// !$*UTF8*$!
{
	archiveVersion = 1;
	classes = {
	};
	objectVersion = 46;
	objects = {

/* Begin PBXBuildFile section */
		7D7E2D7E174ABCB1000B7BDF /* UIKit.framework in Frameworks */ = {isa = PBXBuildFile; fileRef = 7D7E2D7D174ABCB1000B7BDF /* UIKit.framework */; };
		7D7E2D80174ABCB1000B7BDF /* Foundation.framework in Frameworks */ = {isa = PBXBuildFile; fileRef = 7D7E2D7F174ABCB1000B7BDF /* Foundation.framework */; };
		7D7E2D82174ABCB1000B7BDF /* CoreGraphics.framework in Frameworks */ = {isa = PBXBuildFile; fileRef = 7D7E2D81174ABCB1000B7BDF /* CoreGraphics.framework */; };
		7D7E2D88174ABCB1000B7BDF /* InfoPlist.strings in Resources */ = {isa = PBXBuildFile; fileRef = 7D7E2D86174ABCB1000B7BDF /* InfoPlist.strings */; };
		7D7E2D8A174ABCB1000B7BDF /* main.m in Sources */ = {isa = PBXBuildFile; fileRef = 7D7E2D89174ABCB1000B7BDF /* main.m */; };
		7D7E2D8E174ABCB1000B7BDF /* AppDelegate.m in Sources */ = {isa = PBXBuildFile; fileRef = 7D7E2D8D174ABCB1000B7BDF /* AppDelegate.m */; };
		7D7E2D90174ABCB1000B7BDF /* Default.png in Resources */ = {isa = PBXBuildFile; fileRef = 7D7E2D8F174ABCB1000B7BDF /* Default.png */; };
		7D7E2D92174ABCB1000B7BDF /* Default@2x.png in Resources */ = {isa = PBXBuildFile; fileRef = 7D7E2D91174ABCB1000B7BDF /* Default@2x.png */; };
		7D7E2D94174ABCB1000B7BDF /* Default-568h@2x.png in Resources */ = {isa = PBXBuildFile; fileRef = 7D7E2D93174ABCB1000B7BDF /* Default-568h@2x.png */; };
		7D7E2D97174ABCB1000B7BDF /* MainStoryboard.storyboard in Resources */ = {isa = PBXBuildFile; fileRef = 7D7E2D95174ABCB1000B7BDF /* MainStoryboard.storyboard */; };
		7D7E2D9A174ABCB1000B7BDF /* ViewController.m in Sources */ = {isa = PBXBuildFile; fileRef = 7D7E2D99174ABCB1000B7BDF /* ViewController.m */; };
		7D7E2DA1174AC0BA000B7BDF /* libsqlite3.dylib in Frameworks */ = {isa = PBXBuildFile; fileRef = 7D7E2DA0174AC0BA000B7BDF /* libsqlite3.dylib */; };
/* End PBXBuildFile section */

/* Begin PBXFileReference section */
		7D7E2D7A174ABCB1000B7BDF /* BookPersistenceSQlite.app */ = {isa = PBXFileReference; explicitFileType = wrapper.application; includeInIndex = 0; path = BookPersistenceSQlite.app; sourceTree = BUILT_PRODUCTS_DIR; };
		7D7E2D7D174ABCB1000B7BDF /* UIKit.framework */ = {isa = PBXFileReference; lastKnownFileType = wrapper.framework; name = UIKit.framework; path = System/Library/Frameworks/UIKit.framework; sourceTree = SDKROOT; };
		7D7E2D7F174ABCB1000B7BDF /* Foundation.framework */ = {isa = PBXFileReference; lastKnownFileType = wrapper.framework; name = Foundation.framework; path = System/Library/Frameworks/Foundation.framework; sourceTree = SDKROOT; };
		7D7E2D81174ABCB1000B7BDF /* CoreGraphics.framework */ = {isa = PBXFileReference; lastKnownFileType = wrapper.framework; name = CoreGraphics.framework; path = System/Library/Frameworks/CoreGraphics.framework; sourceTree = SDKROOT; };
		7D7E2D85174ABCB1000B7BDF /* BookPersistenceSQlite-Info.plist */ = {isa = PBXFileReference; lastKnownFileType = text.plist.xml; path = "BookPersistenceSQlite-Info.plist"; sourceTree = "<group>"; };
		7D7E2D87174ABCB1000B7BDF /* en */ = {isa = PBXFileReference; lastKnownFileType = text.plist.strings; name = en; path = en.lproj/InfoPlist.strings; sourceTree = "<group>"; };
		7D7E2D89174ABCB1000B7BDF /* main.m */ = {isa = PBXFileReference; lastKnownFileType = sourcecode.c.objc; path = main.m; sourceTree = "<group>"; };
		7D7E2D8B174ABCB1000B7BDF /* BookPersistenceSQlite-Prefix.pch */ = {isa = PBXFileReference; lastKnownFileType = sourcecode.c.h; path = "BookPersistenceSQlite-Prefix.pch"; sourceTree = "<group>"; };
		7D7E2D8C174ABCB1000B7BDF /* AppDelegate.h */ = {isa = PBXFileReference; lastKnownFileType = sourcecode.c.h; path = AppDelegate.h; sourceTree = "<group>"; };
		7D7E2D8D174ABCB1000B7BDF /* AppDelegate.m */ = {isa = PBXFileReference; lastKnownFileType = sourcecode.c.objc; path = AppDelegate.m; sourceTree = "<group>"; };
		7D7E2D8F174ABCB1000B7BDF /* Default.png */ = {isa = PBXFileReference; lastKnownFileType = image.png; path = Default.png; sourceTree = "<group>"; };
		7D7E2D91174ABCB1000B7BDF /* Default@2x.png */ = {isa = PBXFileReference; lastKnownFileType = image.png; path = "Default@2x.png"; sourceTree = "<group>"; };
		7D7E2D93174ABCB1000B7BDF /* Default-568h@2x.png */ = {isa = PBXFileReference; lastKnownFileType = image.png; path = "Default-568h@2x.png"; sourceTree = "<group>"; };
		7D7E2D96174ABCB1000B7BDF /* en */ = {isa = PBXFileReference; lastKnownFileType = file.storyboard; name = en; path = en.lproj/MainStoryboard.storyboard; sourceTree = "<group>"; };
		7D7E2D98174ABCB1000B7BDF /* ViewController.h */ = {isa = PBXFileReference; lastKnownFileType = sourcecode.c.h; path = ViewController.h; sourceTree = "<group>"; };
		7D7E2D99174ABCB1000B7BDF /* ViewController.m */ = {isa = PBXFileReference; lastKnownFileType = sourcecode.c.objc; path = ViewController.m; sourceTree = "<group>"; };
		7D7E2DA0174AC0BA000B7BDF /* libsqlite3.dylib */ = {isa = PBXFileReference; lastKnownFileType = "compiled.mach-o.dylib"; name = libsqlite3.dylib; path = usr/lib/libsqlite3.dylib; sourceTree = SDKROOT; };
/* End PBXFileReference section */

/* Begin PBXFrameworksBuildPhase section */
		7D7E2D77174ABCB1000B7BDF /* Frameworks */ = {
			isa = PBXFrameworksBuildPhase;
			buildActionMask = 2147483647;
			files = (
				7D7E2DA1174AC0BA000B7BDF /* libsqlite3.dylib in Frameworks */,
				7D7E2D7E174ABCB1000B7BDF /* UIKit.framework in Frameworks */,
				7D7E2D80174ABCB1000B7BDF /* Foundation.framework in Frameworks */,
				7D7E2D82174ABCB1000B7BDF /* CoreGraphics.framework in Frameworks */,
			);
			runOnlyForDeploymentPostprocessing = 0;
		};
/* End PBXFrameworksBuildPhase section */

/* Begin PBXGroup section */
		7D7E2D71174ABCB1000B7BDF = {
			isa = PBXGroup;
			children = (
				7D7E2D83174ABCB1000B7BDF /* BookPersistenceSQlite */,
				7D7E2D7C174ABCB1000B7BDF /* Frameworks */,
				7D7E2D7B174ABCB1000B7BDF /* Products */,
			);
			sourceTree = "<group>";
		};
		7D7E2D7B174ABCB1000B7BDF /* Products */ = {
			isa = PBXGroup;
			children = (
				7D7E2D7A174ABCB1000B7BDF /* BookPersistenceSQlite.app */,
			);
			name = Products;
			sourceTree = "<group>";
		};
		7D7E2D7C174ABCB1000B7BDF /* Frameworks */ = {
			isa = PBXGroup;
			children = (
				7D7E2DA0174AC0BA000B7BDF /* libsqlite3.dylib */,
				7D7E2D7D174ABCB1000B7BDF /* UIKit.framework */,
				7D7E2D7F174ABCB1000B7BDF /* Foundation.framework */,
				7D7E2D81174ABCB1000B7BDF /* CoreGraphics.framework */,
			);
			name = Frameworks;
			sourceTree = "<group>";
		};
		7D7E2D83174ABCB1000B7BDF /* BookPersistenceSQlite */ = {
			isa = PBXGroup;
			children = (
				7D7E2D8C174ABCB1000B7BDF /* AppDelegate.h */,
				7D7E2D8D174ABCB1000B7BDF /* AppDelegate.m */,
				7D7E2D95174ABCB1000B7BDF /* MainStoryboard.storyboard */,
				7D7E2D98174ABCB1000B7BDF /* ViewController.h */,
				7D7E2D99174ABCB1000B7BDF /* ViewController.m */,
				7D7E2D84174ABCB1000B7BDF /* Supporting Files */,
			);
			path = BookPersistenceSQlite;
			sourceTree = "<group>";
		};
		7D7E2D84174ABCB1000B7BDF /* Supporting Files */ = {
			isa = PBXGroup;
			children = (
				7D7E2D85174ABCB1000B7BDF /* BookPersistenceSQlite-Info.plist */,
				7D7E2D86174ABCB1000B7BDF /* InfoPlist.strings */,
				7D7E2D89174ABCB1000B7BDF /* main.m */,
				7D7E2D8B174ABCB1000B7BDF /* BookPersistenceSQlite-Prefix.pch */,
				7D7E2D8F174ABCB1000B7BDF /* Default.png */,
				7D7E2D91174ABCB1000B7BDF /* Default@2x.png */,
				7D7E2D93174ABCB1000B7BDF /* Default-568h@2x.png */,
			);
			name = "Supporting Files";
			sourceTree = "<group>";
		};
/* End PBXGroup section */

/* Begin PBXNativeTarget section */
		7D7E2D79174ABCB1000B7BDF /* BookPersistenceSQlite */ = {
			isa = PBXNativeTarget;
			buildConfigurationList = 7D7E2D9D174ABCB1000B7BDF /* Build configuration list for PBXNativeTarget "BookPersistenceSQlite" */;
			buildPhases = (
				7D7E2D76174ABCB1000B7BDF /* Sources */,
				7D7E2D77174ABCB1000B7BDF /* Frameworks */,
				7D7E2D78174ABCB1000B7BDF /* Resources */,
			);
			buildRules = (
			);
			dependencies = (
			);
			name = BookPersistenceSQlite;
			productName = BookPersistenceSQlite;
			productReference = 7D7E2D7A174ABCB1000B7BDF /* BookPersistenceSQlite.app */;
			productType = "com.apple.product-type.application";
		};
/* End PBXNativeTarget section */

/* Begin PBXProject section */
		7D7E2D72174ABCB1000B7BDF /* Project object */ = {
			isa = PBXProject;
			attributes = {
				LastUpgradeCheck = 0460;
				ORGANIZATIONNAME = "André Cocuroci";
			};
			buildConfigurationList = 7D7E2D75174ABCB1000B7BDF /* Build configuration list for PBXProject "BookPersistenceSQlite" */;
			compatibilityVersion = "Xcode 3.2";
			developmentRegion = English;
			hasScannedForEncodings = 0;
			knownRegions = (
				en,
			);
			mainGroup = 7D7E2D71174ABCB1000B7BDF;
			productRefGroup = 7D7E2D7B174ABCB1000B7BDF /* Products */;
			projectDirPath = "";
			projectRoot = "";
			targets = (
				7D7E2D79174ABCB1000B7BDF /* BookPersistenceSQlite */,
			);
		};
/* End PBXProject section */

/* Begin PBXResourcesBuildPhase section */
		7D7E2D78174ABCB1000B7BDF /* Resources */ = {
			isa = PBXResourcesBuildPhase;
			buildActionMask = 2147483647;
			files = (
				7D7E2D88174ABCB1000B7BDF /* InfoPlist.strings in Resources */,
				7D7E2D90174ABCB1000B7BDF /* Default.png in Resources */,
				7D7E2D92174ABCB1000B7BDF /* Default@2x.png in Resources */,
				7D7E2D94174ABCB1000B7BDF /* Default-568h@2x.png in Resources */,
				7D7E2D97174ABCB1000B7BDF /* MainStoryboard.storyboard in Resources */,
			);
			runOnlyForDeploymentPostprocessing = 0;
		};
/* End PBXResourcesBuildPhase section */

/* Begin PBXSourcesBuildPhase section */
		7D7E2D76174ABCB1000B7BDF /* Sources */ = {
			isa = PBXSourcesBuildPhase;
			buildActionMask = 2147483647;
			files = (
				7D7E2D8A174ABCB1000B7BDF /* main.m in Sources */,
				7D7E2D8E174ABCB1000B7BDF /* AppDelegate.m in Sources */,
				7D7E2D9A174ABCB1000B7BDF /* ViewController.m in Sources */,
			);
			runOnlyForDeploymentPostprocessing = 0;
		};
/* End PBXSourcesBuildPhase section */

/* Begin PBXVariantGroup section */
		7D7E2D86174ABCB1000B7BDF /* InfoPlist.strings */ = {
			isa = PBXVariantGroup;
			children = (
				7D7E2D87174ABCB1000B7BDF /* en */,
			);
			name = InfoPlist.strings;
			sourceTree = "<group>";
		};
		7D7E2D95174ABCB1000B7BDF /* MainStoryboard.storyboard */ = {
			isa = PBXVariantGroup;
			children = (
				7D7E2D96174ABCB1000B7BDF /* en */,
			);
			name = MainStoryboard.storyboard;
			sourceTree = "<group>";
		};
/* End PBXVariantGroup section */

/* Begin XCBuildConfiguration section */
		7D7E2D9B174ABCB1000B7BDF /* Debug */ = {
			isa = XCBuildConfiguration;
			buildSettings = {
				ALWAYS_SEARCH_USER_PATHS = NO;
				CLANG_CXX_LANGUAGE_STANDARD = "gnu++0x";
				CLANG_CXX_LIBRARY = "libc++";
				CLANG_ENABLE_OBJC_ARC = YES;
				CLANG_WARN_CONSTANT_CONVERSION = YES;
				CLANG_WARN_EMPTY_BODY = YES;
				CLANG_WARN_ENUM_CONVERSION = YES;
				CLANG_WARN_INT_CONVERSION = YES;
				CLANG_WARN__DUPLICATE_METHOD_MATCH = YES;
				"CODE_SIGN_IDENTITY[sdk=iphoneos*]" = "iPhone Developer";
				COPY_PHASE_STRIP = NO;
				GCC_C_LANGUAGE_STANDARD = gnu99;
				GCC_DYNAMIC_NO_PIC = NO;
				GCC_OPTIMIZATION_LEVEL = 0;
				GCC_PREPROCESSOR_DEFINITIONS = (
					"DEBUG=1",
					"$(inherited)",
				);
				GCC_SYMBOLS_PRIVATE_EXTERN = NO;
				GCC_WARN_ABOUT_RETURN_TYPE = YES;
				GCC_WARN_UNINITIALIZED_AUTOS = YES;
				GCC_WARN_UNUSED_VARIABLE = YES;
				IPHONEOS_DEPLOYMENT_TARGET = 6.1;
				ONLY_ACTIVE_ARCH = YES;
				SDKROOT = iphoneos;
			};
			name = Debug;
		};
		7D7E2D9C174ABCB1000B7BDF /* Release */ = {
			isa = XCBuildConfiguration;
			buildSettings = {
				ALWAYS_SEARCH_USER_PATHS = NO;
				CLANG_CXX_LANGUAGE_STANDARD = "gnu++0x";
				CLANG_CXX_LIBRARY = "libc++";
				CLANG_ENABLE_OBJC_ARC = YES;
				CLANG_WARN_CONSTANT_CONVERSION = YES;
				CLANG_WARN_EMPTY_BODY = YES;
				CLANG_WARN_ENUM_CONVERSION = YES;
				CLANG_WARN_INT_CONVERSION = YES;
				CLANG_WARN__DUPLICATE_METHOD_MATCH = YES;
				"CODE_SIGN_IDENTITY[sdk=iphoneos*]" = "iPhone Developer";
				COPY_PHASE_STRIP = YES;
				GCC_C_LANGUAGE_STANDARD = gnu99;
				GCC_WARN_ABOUT_RETURN_TYPE = YES;
				GCC_WARN_UNINITIALIZED_AUTOS = YES;
				GCC_WARN_UNUSED_VARIABLE = YES;
				IPHONEOS_DEPLOYMENT_TARGET = 6.1;
				OTHER_CFLAGS = "-DNS_BLOCK_ASSERTIONS=1";
				SDKROOT = iphoneos;
				VALIDATE_PRODUCT = YES;
			};
			name = Release;
		};
		7D7E2D9E174ABCB1000B7BDF /* Debug */ = {
			isa = XCBuildConfiguration;
			buildSettings = {
				GCC_PRECOMPILE_PREFIX_HEADER = YES;
				GCC_PREFIX_HEADER = "BookPersistenceSQlite/BookPersistenceSQlite-Prefix.pch";
				INFOPLIST_FILE = "BookPersistenceSQlite/BookPersistenceSQlite-Info.plist";
				PRODUCT_NAME = "$(TARGET_NAME)";
				WRAPPER_EXTENSION = app;
			};
			name = Debug;
		};
		7D7E2D9F174ABCB1000B7BDF /* Release */ = {
			isa = XCBuildConfiguration;
			buildSettings = {
				GCC_PRECOMPILE_PREFIX_HEADER = YES;
				GCC_PREFIX_HEADER = "BookPersistenceSQlite/BookPersistenceSQlite-Prefix.pch";
				INFOPLIST_FILE = "BookPersistenceSQlite/BookPersistenceSQlite-Info.plist";
				PRODUCT_NAME = "$(TARGET_NAME)";
				WRAPPER_EXTENSION = app;
			};
			name = Release;
		};
/* End XCBuildConfiguration section */

/* Begin XCConfigurationList section */
		7D7E2D75174ABCB1000B7BDF /* Build configuration list for PBXProject "BookPersistenceSQlite" */ = {
			isa = XCConfigurationList;
			buildConfigurations = (
				7D7E2D9B174ABCB1000B7BDF /* Debug */,
				7D7E2D9C174ABCB1000B7BDF /* Release */,
			);
			defaultConfigurationIsVisible = 0;
			defaultConfigurationName = Release;
		};
		7D7E2D9D174ABCB1000B7BDF /* Build configuration list for PBXNativeTarget "BookPersistenceSQlite" */ = {
			isa = XCConfigurationList;
			buildConfigurations = (
				7D7E2D9E174ABCB1000B7BDF /* Debug */,
				7D7E2D9F174ABCB1000B7BDF /* Release */,
			);
			defaultConfigurationIsVisible = 0;
		};
/* End XCConfigurationList section */
	};
	rootObject = 7D7E2D72174ABCB1000B7BDF /* Project object */;
}
