// !$*UTF8*$!
{
	archiveVersion = 1;
	classes = {
	};
	objectVersion = 46;
	objects = {

/* Begin PBXBuildFile section */
		7D7E2C9A174A5274000B7BDF /* UIKit.framework in Frameworks */ = {isa = PBXBuildFile; fileRef = 7D7E2C99174A5274000B7BDF /* UIKit.framework */; };
		7D7E2C9C174A5274000B7BDF /* Foundation.framework in Frameworks */ = {isa = PBXBuildFile; fileRef = 7D7E2C9B174A5274000B7BDF /* Foundation.framework */; };
		7D7E2C9E174A5274000B7BDF /* CoreGraphics.framework in Frameworks */ = {isa = PBXBuildFile; fileRef = 7D7E2C9D174A5274000B7BDF /* CoreGraphics.framework */; };
		7D7E2CA4174A5274000B7BDF /* InfoPlist.strings in Resources */ = {isa = PBXBuildFile; fileRef = 7D7E2CA2174A5274000B7BDF /* InfoPlist.strings */; };
		7D7E2CA6174A5274000B7BDF /* main.m in Sources */ = {isa = PBXBuildFile; fileRef = 7D7E2CA5174A5274000B7BDF /* main.m */; };
		7D7E2CAA174A5274000B7BDF /* AppDelegate.m in Sources */ = {isa = PBXBuildFile; fileRef = 7D7E2CA9174A5274000B7BDF /* AppDelegate.m */; };
		7D7E2CB3174A5274000B7BDF /* MainStoryboard_iPhone.storyboard in Resources */ = {isa = PBXBuildFile; fileRef = 7D7E2CB1174A5274000B7BDF /* MainStoryboard_iPhone.storyboard */; };
		7D7E2CB6174A5274000B7BDF /* MainStoryboard_iPad.storyboard in Resources */ = {isa = PBXBuildFile; fileRef = 7D7E2CB4174A5274000B7BDF /* MainStoryboard_iPad.storyboard */; };
		7D7E2CB9174A5274000B7BDF /* ViewController.m in Sources */ = {isa = PBXBuildFile; fileRef = 7D7E2CB8174A5274000B7BDF /* ViewController.m */; };
		7D7E2CC8174A53A4000B7BDF /* iconePhonePad-57.png in Resources */ = {isa = PBXBuildFile; fileRef = 7D7E2CC7174A53A4000B7BDF /* iconePhonePad-57.png */; };
		7D7E2CCA174A53B8000B7BDF /* iconePhonePad-114.png in Resources */ = {isa = PBXBuildFile; fileRef = 7D7E2CC9174A53B8000B7BDF /* iconePhonePad-114.png */; };
		7D7E2CCC174A53C9000B7BDF /* iconePhonePad-72.png in Resources */ = {isa = PBXBuildFile; fileRef = 7D7E2CCB174A53C9000B7BDF /* iconePhonePad-72.png */; };
		7D7E2CCE174A53D1000B7BDF /* iconePhonePad-144.png in Resources */ = {isa = PBXBuildFile; fileRef = 7D7E2CCD174A53D1000B7BDF /* iconePhonePad-144.png */; };
		7D7E2CD5174A5536000B7BDF /* Default-Landscape.png in Resources */ = {isa = PBXBuildFile; fileRef = 7D7E2CCF174A5536000B7BDF /* Default-Landscape.png */; };
		7D7E2CD6174A5536000B7BDF /* Default-Landscape@2x.png in Resources */ = {isa = PBXBuildFile; fileRef = 7D7E2CD0174A5536000B7BDF /* Default-Landscape@2x.png */; };
		7D7E2CD7174A5536000B7BDF /* Default-Portrait.png in Resources */ = {isa = PBXBuildFile; fileRef = 7D7E2CD1174A5536000B7BDF /* Default-Portrait.png */; };
		7D7E2CD8174A5536000B7BDF /* Default-Portrait@2x.png in Resources */ = {isa = PBXBuildFile; fileRef = 7D7E2CD2174A5536000B7BDF /* Default-Portrait@2x.png */; };
		7D7E2CD9174A5536000B7BDF /* Default.png in Resources */ = {isa = PBXBuildFile; fileRef = 7D7E2CD3174A5536000B7BDF /* Default.png */; };
		7D7E2CDA174A5536000B7BDF /* Default@2x.png in Resources */ = {isa = PBXBuildFile; fileRef = 7D7E2CD4174A5536000B7BDF /* Default@2x.png */; };
/* End PBXBuildFile section */

/* Begin PBXFileReference section */
		7D7E2C96174A5274000B7BDF /* BookPhonePad.app */ = {isa = PBXFileReference; explicitFileType = wrapper.application; includeInIndex = 0; path = BookPhonePad.app; sourceTree = BUILT_PRODUCTS_DIR; };
		7D7E2C99174A5274000B7BDF /* UIKit.framework */ = {isa = PBXFileReference; lastKnownFileType = wrapper.framework; name = UIKit.framework; path = System/Library/Frameworks/UIKit.framework; sourceTree = SDKROOT; };
		7D7E2C9B174A5274000B7BDF /* Foundation.framework */ = {isa = PBXFileReference; lastKnownFileType = wrapper.framework; name = Foundation.framework; path = System/Library/Frameworks/Foundation.framework; sourceTree = SDKROOT; };
		7D7E2C9D174A5274000B7BDF /* CoreGraphics.framework */ = {isa = PBXFileReference; lastKnownFileType = wrapper.framework; name = CoreGraphics.framework; path = System/Library/Frameworks/CoreGraphics.framework; sourceTree = SDKROOT; };
		7D7E2CA1174A5274000B7BDF /* BookPhonePad-Info.plist */ = {isa = PBXFileReference; lastKnownFileType = text.plist.xml; path = "BookPhonePad-Info.plist"; sourceTree = "<group>"; };
		7D7E2CA3174A5274000B7BDF /* en */ = {isa = PBXFileReference; lastKnownFileType = text.plist.strings; name = en; path = en.lproj/InfoPlist.strings; sourceTree = "<group>"; };
		7D7E2CA5174A5274000B7BDF /* main.m */ = {isa = PBXFileReference; lastKnownFileType = sourcecode.c.objc; path = main.m; sourceTree = "<group>"; };
		7D7E2CA7174A5274000B7BDF /* BookPhonePad-Prefix.pch */ = {isa = PBXFileReference; lastKnownFileType = sourcecode.c.h; path = "BookPhonePad-Prefix.pch"; sourceTree = "<group>"; };
		7D7E2CA8174A5274000B7BDF /* AppDelegate.h */ = {isa = PBXFileReference; lastKnownFileType = sourcecode.c.h; path = AppDelegate.h; sourceTree = "<group>"; };
		7D7E2CA9174A5274000B7BDF /* AppDelegate.m */ = {isa = PBXFileReference; lastKnownFileType = sourcecode.c.objc; path = AppDelegate.m; sourceTree = "<group>"; };
		7D7E2CB2174A5274000B7BDF /* en */ = {isa = PBXFileReference; lastKnownFileType = file.storyboard; name = en; path = en.lproj/MainStoryboard_iPhone.storyboard; sourceTree = "<group>"; };
		7D7E2CB5174A5274000B7BDF /* en */ = {isa = PBXFileReference; lastKnownFileType = file.storyboard; name = en; path = en.lproj/MainStoryboard_iPad.storyboard; sourceTree = "<group>"; };
		7D7E2CB7174A5274000B7BDF /* ViewController.h */ = {isa = PBXFileReference; lastKnownFileType = sourcecode.c.h; path = ViewController.h; sourceTree = "<group>"; };
		7D7E2CB8174A5274000B7BDF /* ViewController.m */ = {isa = PBXFileReference; lastKnownFileType = sourcecode.c.objc; path = ViewController.m; sourceTree = "<group>"; };
		7D7E2CC7174A53A4000B7BDF /* iconePhonePad-57.png */ = {isa = PBXFileReference; lastKnownFileType = image.png; path = "iconePhonePad-57.png"; sourceTree = "<group>"; };
		7D7E2CC9174A53B8000B7BDF /* iconePhonePad-114.png */ = {isa = PBXFileReference; lastKnownFileType = image.png; path = "iconePhonePad-114.png"; sourceTree = "<group>"; };
		7D7E2CCB174A53C9000B7BDF /* iconePhonePad-72.png */ = {isa = PBXFileReference; lastKnownFileType = image.png; path = "iconePhonePad-72.png"; sourceTree = "<group>"; };
		7D7E2CCD174A53D1000B7BDF /* iconePhonePad-144.png */ = {isa = PBXFileReference; lastKnownFileType = image.png; path = "iconePhonePad-144.png"; sourceTree = "<group>"; };
		7D7E2CCF174A5536000B7BDF /* Default-Landscape.png */ = {isa = PBXFileReference; lastKnownFileType = image.png; path = "Default-Landscape.png"; sourceTree = "<group>"; };
		7D7E2CD0174A5536000B7BDF /* Default-Landscape@2x.png */ = {isa = PBXFileReference; lastKnownFileType = image.png; path = "Default-Landscape@2x.png"; sourceTree = "<group>"; };
		7D7E2CD1174A5536000B7BDF /* Default-Portrait.png */ = {isa = PBXFileReference; lastKnownFileType = image.png; path = "Default-Portrait.png"; sourceTree = "<group>"; };
		7D7E2CD2174A5536000B7BDF /* Default-Portrait@2x.png */ = {isa = PBXFileReference; lastKnownFileType = image.png; path = "Default-Portrait@2x.png"; sourceTree = "<group>"; };
		7D7E2CD3174A5536000B7BDF /* Default.png */ = {isa = PBXFileReference; lastKnownFileType = image.png; path = Default.png; sourceTree = "<group>"; };
		7D7E2CD4174A5536000B7BDF /* Default@2x.png */ = {isa = PBXFileReference; lastKnownFileType = image.png; path = "Default@2x.png"; sourceTree = "<group>"; };
/* End PBXFileReference section */

/* Begin PBXFrameworksBuildPhase section */
		7D7E2C93174A5274000B7BDF /* Frameworks */ = {
			isa = PBXFrameworksBuildPhase;
			buildActionMask = 2147483647;
			files = (
				7D7E2C9A174A5274000B7BDF /* UIKit.framework in Frameworks */,
				7D7E2C9C174A5274000B7BDF /* Foundation.framework in Frameworks */,
				7D7E2C9E174A5274000B7BDF /* CoreGraphics.framework in Frameworks */,
			);
			runOnlyForDeploymentPostprocessing = 0;
		};
/* End PBXFrameworksBuildPhase section */

/* Begin PBXGroup section */
		7D7E2C8D174A5274000B7BDF = {
			isa = PBXGroup;
			children = (
				7D7E2CCD174A53D1000B7BDF /* iconePhonePad-144.png */,
				7D7E2CCF174A5536000B7BDF /* Default-Landscape.png */,
				7D7E2CD0174A5536000B7BDF /* Default-Landscape@2x.png */,
				7D7E2CD1174A5536000B7BDF /* Default-Portrait.png */,
				7D7E2CD2174A5536000B7BDF /* Default-Portrait@2x.png */,
				7D7E2CD3174A5536000B7BDF /* Default.png */,
				7D7E2CD4174A5536000B7BDF /* Default@2x.png */,
				7D7E2CCB174A53C9000B7BDF /* iconePhonePad-72.png */,
				7D7E2CC9174A53B8000B7BDF /* iconePhonePad-114.png */,
				7D7E2CC7174A53A4000B7BDF /* iconePhonePad-57.png */,
				7D7E2C9F174A5274000B7BDF /* BookPhonePad */,
				7D7E2C98174A5274000B7BDF /* Frameworks */,
				7D7E2C97174A5274000B7BDF /* Products */,
			);
			sourceTree = "<group>";
		};
		7D7E2C97174A5274000B7BDF /* Products */ = {
			isa = PBXGroup;
			children = (
				7D7E2C96174A5274000B7BDF /* BookPhonePad.app */,
			);
			name = Products;
			sourceTree = "<group>";
		};
		7D7E2C98174A5274000B7BDF /* Frameworks */ = {
			isa = PBXGroup;
			children = (
				7D7E2C99174A5274000B7BDF /* UIKit.framework */,
				7D7E2C9B174A5274000B7BDF /* Foundation.framework */,
				7D7E2C9D174A5274000B7BDF /* CoreGraphics.framework */,
			);
			name = Frameworks;
			sourceTree = "<group>";
		};
		7D7E2C9F174A5274000B7BDF /* BookPhonePad */ = {
			isa = PBXGroup;
			children = (
				7D7E2CA8174A5274000B7BDF /* AppDelegate.h */,
				7D7E2CA9174A5274000B7BDF /* AppDelegate.m */,
				7D7E2CB1174A5274000B7BDF /* MainStoryboard_iPhone.storyboard */,
				7D7E2CB4174A5274000B7BDF /* MainStoryboard_iPad.storyboard */,
				7D7E2CB7174A5274000B7BDF /* ViewController.h */,
				7D7E2CB8174A5274000B7BDF /* ViewController.m */,
				7D7E2CA0174A5274000B7BDF /* Supporting Files */,
			);
			path = BookPhonePad;
			sourceTree = "<group>";
		};
		7D7E2CA0174A5274000B7BDF /* Supporting Files */ = {
			isa = PBXGroup;
			children = (
				7D7E2CA1174A5274000B7BDF /* BookPhonePad-Info.plist */,
				7D7E2CA2174A5274000B7BDF /* InfoPlist.strings */,
				7D7E2CA5174A5274000B7BDF /* main.m */,
				7D7E2CA7174A5274000B7BDF /* BookPhonePad-Prefix.pch */,
			);
			name = "Supporting Files";
			sourceTree = "<group>";
		};
/* End PBXGroup section */

/* Begin PBXNativeTarget section */
		7D7E2C95174A5274000B7BDF /* BookPhonePad */ = {
			isa = PBXNativeTarget;
			buildConfigurationList = 7D7E2CBC174A5274000B7BDF /* Build configuration list for PBXNativeTarget "BookPhonePad" */;
			buildPhases = (
				7D7E2C92174A5274000B7BDF /* Sources */,
				7D7E2C93174A5274000B7BDF /* Frameworks */,
				7D7E2C94174A5274000B7BDF /* Resources */,
			);
			buildRules = (
			);
			dependencies = (
			);
			name = BookPhonePad;
			productName = BookPhonePad;
			productReference = 7D7E2C96174A5274000B7BDF /* BookPhonePad.app */;
			productType = "com.apple.product-type.application";
		};
/* End PBXNativeTarget section */

/* Begin PBXProject section */
		7D7E2C8E174A5274000B7BDF /* Project object */ = {
			isa = PBXProject;
			attributes = {
				LastUpgradeCheck = 0460;
				ORGANIZATIONNAME = "André Cocuroci";
			};
			buildConfigurationList = 7D7E2C91174A5274000B7BDF /* Build configuration list for PBXProject "BookPhonePad" */;
			compatibilityVersion = "Xcode 3.2";
			developmentRegion = English;
			hasScannedForEncodings = 0;
			knownRegions = (
				en,
			);
			mainGroup = 7D7E2C8D174A5274000B7BDF;
			productRefGroup = 7D7E2C97174A5274000B7BDF /* Products */;
			projectDirPath = "";
			projectRoot = "";
			targets = (
				7D7E2C95174A5274000B7BDF /* BookPhonePad */,
			);
		};
/* End PBXProject section */

/* Begin PBXResourcesBuildPhase section */
		7D7E2C94174A5274000B7BDF /* Resources */ = {
			isa = PBXResourcesBuildPhase;
			buildActionMask = 2147483647;
			files = (
				7D7E2CA4174A5274000B7BDF /* InfoPlist.strings in Resources */,
				7D7E2CB3174A5274000B7BDF /* MainStoryboard_iPhone.storyboard in Resources */,
				7D7E2CB6174A5274000B7BDF /* MainStoryboard_iPad.storyboard in Resources */,
				7D7E2CC8174A53A4000B7BDF /* iconePhonePad-57.png in Resources */,
				7D7E2CCA174A53B8000B7BDF /* iconePhonePad-114.png in Resources */,
				7D7E2CCC174A53C9000B7BDF /* iconePhonePad-72.png in Resources */,
				7D7E2CCE174A53D1000B7BDF /* iconePhonePad-144.png in Resources */,
				7D7E2CD5174A5536000B7BDF /* Default-Landscape.png in Resources */,
				7D7E2CD6174A5536000B7BDF /* Default-Landscape@2x.png in Resources */,
				7D7E2CD7174A5536000B7BDF /* Default-Portrait.png in Resources */,
				7D7E2CD8174A5536000B7BDF /* Default-Portrait@2x.png in Resources */,
				7D7E2CD9174A5536000B7BDF /* Default.png in Resources */,
				7D7E2CDA174A5536000B7BDF /* Default@2x.png in Resources */,
			);
			runOnlyForDeploymentPostprocessing = 0;
		};
/* End PBXResourcesBuildPhase section */

/* Begin PBXSourcesBuildPhase section */
		7D7E2C92174A5274000B7BDF /* Sources */ = {
			isa = PBXSourcesBuildPhase;
			buildActionMask = 2147483647;
			files = (
				7D7E2CA6174A5274000B7BDF /* main.m in Sources */,
				7D7E2CAA174A5274000B7BDF /* AppDelegate.m in Sources */,
				7D7E2CB9174A5274000B7BDF /* ViewController.m in Sources */,
			);
			runOnlyForDeploymentPostprocessing = 0;
		};
/* End PBXSourcesBuildPhase section */

/* Begin PBXVariantGroup section */
		7D7E2CA2174A5274000B7BDF /* InfoPlist.strings */ = {
			isa = PBXVariantGroup;
			children = (
				7D7E2CA3174A5274000B7BDF /* en */,
			);
			name = InfoPlist.strings;
			sourceTree = "<group>";
		};
		7D7E2CB1174A5274000B7BDF /* MainStoryboard_iPhone.storyboard */ = {
			isa = PBXVariantGroup;
			children = (
				7D7E2CB2174A5274000B7BDF /* en */,
			);
			name = MainStoryboard_iPhone.storyboard;
			sourceTree = "<group>";
		};
		7D7E2CB4174A5274000B7BDF /* MainStoryboard_iPad.storyboard */ = {
			isa = PBXVariantGroup;
			children = (
				7D7E2CB5174A5274000B7BDF /* en */,
			);
			name = MainStoryboard_iPad.storyboard;
			sourceTree = "<group>";
		};
/* End PBXVariantGroup section */

/* Begin XCBuildConfiguration section */
		7D7E2CBA174A5274000B7BDF /* Debug */ = {
			isa = XCBuildConfiguration;
			buildSettings = {
				ALWAYS_SEARCH_USER_PATHS = NO;
				CLANG_CXX_LANGUAGE_STANDARD = "gnu++0x";
				CLANG_CXX_LIBRARY = "libc++";
				CLANG_ENABLE_OBJC_ARC = YES;
				CLANG_WARN_CONSTANT_CONVERSION = YES;
				CLANG_WARN_EMPTY_BODY = YES;
				CLANG_WARN_ENUM_CONVERSION = YES;
				CLANG_WARN_INT_CONVERSION = YES;
				CLANG_WARN__DUPLICATE_METHOD_MATCH = YES;
				"CODE_SIGN_IDENTITY[sdk=iphoneos*]" = "iPhone Developer";
				COPY_PHASE_STRIP = NO;
				GCC_C_LANGUAGE_STANDARD = gnu99;
				GCC_DYNAMIC_NO_PIC = NO;
				GCC_OPTIMIZATION_LEVEL = 0;
				GCC_PREPROCESSOR_DEFINITIONS = (
					"DEBUG=1",
					"$(inherited)",
				);
				GCC_SYMBOLS_PRIVATE_EXTERN = NO;
				GCC_WARN_ABOUT_RETURN_TYPE = YES;
				GCC_WARN_UNINITIALIZED_AUTOS = YES;
				GCC_WARN_UNUSED_VARIABLE = YES;
				IPHONEOS_DEPLOYMENT_TARGET = 6.1;
				ONLY_ACTIVE_ARCH = YES;
				SDKROOT = iphoneos;
				TARGETED_DEVICE_FAMILY = "1,2";
			};
			name = Debug;
		};
		7D7E2CBB174A5274000B7BDF /* Release */ = {
			isa = XCBuildConfiguration;
			buildSettings = {
				ALWAYS_SEARCH_USER_PATHS = NO;
				CLANG_CXX_LANGUAGE_STANDARD = "gnu++0x";
				CLANG_CXX_LIBRARY = "libc++";
				CLANG_ENABLE_OBJC_ARC = YES;
				CLANG_WARN_CONSTANT_CONVERSION = YES;
				CLANG_WARN_EMPTY_BODY = YES;
				CLANG_WARN_ENUM_CONVERSION = YES;
				CLANG_WARN_INT_CONVERSION = YES;
				CLANG_WARN__DUPLICATE_METHOD_MATCH = YES;
				"CODE_SIGN_IDENTITY[sdk=iphoneos*]" = "iPhone Developer";
				COPY_PHASE_STRIP = YES;
				GCC_C_LANGUAGE_STANDARD = gnu99;
				GCC_WARN_ABOUT_RETURN_TYPE = YES;
				GCC_WARN_UNINITIALIZED_AUTOS = YES;
				GCC_WARN_UNUSED_VARIABLE = YES;
				IPHONEOS_DEPLOYMENT_TARGET = 6.1;
				OTHER_CFLAGS = "-DNS_BLOCK_ASSERTIONS=1";
				SDKROOT = iphoneos;
				TARGETED_DEVICE_FAMILY = "1,2";
				VALIDATE_PRODUCT = YES;
			};
			name = Release;
		};
		7D7E2CBD174A5274000B7BDF /* Debug */ = {
			isa = XCBuildConfiguration;
			buildSettings = {
				GCC_PRECOMPILE_PREFIX_HEADER = YES;
				GCC_PREFIX_HEADER = "BookPhonePad/BookPhonePad-Prefix.pch";
				INFOPLIST_FILE = "BookPhonePad/BookPhonePad-Info.plist";
				PRODUCT_NAME = "$(TARGET_NAME)";
				WRAPPER_EXTENSION = app;
			};
			name = Debug;
		};
		7D7E2CBE174A5274000B7BDF /* Release */ = {
			isa = XCBuildConfiguration;
			buildSettings = {
				GCC_PRECOMPILE_PREFIX_HEADER = YES;
				GCC_PREFIX_HEADER = "BookPhonePad/BookPhonePad-Prefix.pch";
				INFOPLIST_FILE = "BookPhonePad/BookPhonePad-Info.plist";
				PRODUCT_NAME = "$(TARGET_NAME)";
				WRAPPER_EXTENSION = app;
			};
			name = Release;
		};
/* End XCBuildConfiguration section */

/* Begin XCConfigurationList section */
		7D7E2C91174A5274000B7BDF /* Build configuration list for PBXProject "BookPhonePad" */ = {
			isa = XCConfigurationList;
			buildConfigurations = (
				7D7E2CBA174A5274000B7BDF /* Debug */,
				7D7E2CBB174A5274000B7BDF /* Release */,
			);
			defaultConfigurationIsVisible = 0;
			defaultConfigurationName = Release;
		};
		7D7E2CBC174A5274000B7BDF /* Build configuration list for PBXNativeTarget "BookPhonePad" */ = {
			isa = XCConfigurationList;
			buildConfigurations = (
				7D7E2CBD174A5274000B7BDF /* Debug */,
				7D7E2CBE174A5274000B7BDF /* Release */,
			);
			defaultConfigurationIsVisible = 0;
		};
/* End XCConfigurationList section */
	};
	rootObject = 7D7E2C8E174A5274000B7BDF /* Project object */;
}
